
Microsoft Visual Studio Solution File, Format Version 12.00
# Visual Studio Version 16
VisualStudioVersion = 16.0.31005.135
MinimumVisualStudioVersion = 10.0.40219.1
Project("{FAE04EC0-301F-11D3-BF4B-00C04F79EFBC}") = "ReferenceTypes", "ReferenceTypes\ReferenceTypes.csproj", "{1860DD65-7521-47EF-9714-F852E54F4977}"
EndProject
Project("{FAE04EC0-301F-11D3-BF4B-00C04F79EFBC}") = "ValueTypes", "ValueTypes\ValueTypes.csproj", "{1CAAE92E-3745-4E56-9A72-BC64FB16E356}"
EndProject
Global
	GlobalSection(SolutionConfigurationPlatforms) = preSolution
		Debug|Any CPU = Debug|Any CPU
		Release|Any CPU = Release|Any CPU
	EndGlobalSection
	GlobalSection(ProjectConfigurationPlatforms) = postSolution
		{1860DD65-7521-47EF-9714-F852E54F4977}.Debug|Any CPU.ActiveCfg = Debug|Any CPU
		{1860DD65-7521-47EF-9714-F852E54F4977}.Debug|Any CPU.Build.0 = Debug|Any CPU
		{1860DD65-7521-47EF-9714-F852E54F4977}.Release|Any CPU.ActiveCfg = Release|Any CPU
		{1860DD65-7521-47EF-9714-F852E54F4977}.Release|Any CPU.Build.0 = Release|Any CPU
		{1CAAE92E-3745-4E56-9A72-BC64FB16E356}.Debug|Any CPU.ActiveCfg = Debug|Any CPU
		{1CAAE92E-3745-4E56-9A72-BC64FB16E356}.Debug|Any CPU.Build.0 = Debug|Any CPU
		{1CAAE92E-3745-4E56-9A72-BC64FB16E356}.Release|Any CPU.ActiveCfg = Release|Any CPU
		{1CAAE92E-3745-4E56-9A72-BC64FB16E356}.Release|Any CPU.Build.0 = Release|Any CPU
	EndGlobalSection
	GlobalSection(SolutionProperties) = preSolution
		HideSolutionNode = FALSE
	EndGlobalSection
	GlobalSection(ExtensibilityGlobals) = postSolution
		SolutionGuid = {6E9901DC-9539-48D7-AD4F-A82636043018}
	EndGlobalSection
EndGlobal
