
Microsoft Visual Studio Solution File, Format Version 12.00
# Visual Studio Version 16
VisualStudioVersion = 16.0.31005.135
MinimumVisualStudioVersion = 10.0.40219.1
Project("{FAE04EC0-301F-11D3-BF4B-00C04F79EFBC}") = "ReferenceTypes", "ReferenceTypes\ReferenceTypes.csproj", "{1860DD65-7521-47EF-9714-F852E54F4977}"
EndProject
Project("{FAE04EC0-301F-11D3-BF4B-00C04F79EFBC}") = "ValueTypes", "ValueTypes\ValueTypes.csproj", "{1CAAE92E-3745-4E56-9A72-BC64FB16E356}"
EndProject
Project("{FAE04EC0-301F-11D3-BF4B-00C04F79EFBC}") = "Arithmetic", "Arithmetic\Arithmetic.csproj", "{D36BD429-03D4-435B-A679-D4837AFFBD49}"
EndProject
Project("{FAE04EC0-301F-11D3-BF4B-00C04F79EFBC}") = "Comparison", "Comparison\Comparison.csproj", "{DE8EC2F3-8EF5-40C8-B00E-0F0EB6677A92}"
EndProject
Project("{FAE04EC0-301F-11D3-BF4B-00C04F79EFBC}") = "Conditionals", "Conditionals\Conditionals.csproj", "{631F5D03-D22B-4BF1-9821-F5692278647C}"
EndProject
Global
	GlobalSection(SolutionConfigurationPlatforms) = preSolution
		Debug|Any CPU = Debug|Any CPU
		Release|Any CPU = Release|Any CPU
	EndGlobalSection
	GlobalSection(ProjectConfigurationPlatforms) = postSolution
		{1860DD65-7521-47EF-9714-F852E54F4977}.Debug|Any CPU.ActiveCfg = Debug|Any CPU
		{1860DD65-7521-47EF-9714-F852E54F4977}.Debug|Any CPU.Build.0 = Debug|Any CPU
		{1860DD65-7521-47EF-9714-F852E54F4977}.Release|Any CPU.ActiveCfg = Release|Any CPU
		{1860DD65-7521-47EF-9714-F852E54F4977}.Release|Any CPU.Build.0 = Release|Any CPU
		{1CAAE92E-3745-4E56-9A72-BC64FB16E356}.Debug|Any CPU.ActiveCfg = Debug|Any CPU
		{1CAAE92E-3745-4E56-9A72-BC64FB16E356}.Debug|Any CPU.Build.0 = Debug|Any CPU
		{1CAAE92E-3745-4E56-9A72-BC64FB16E356}.Release|Any CPU.ActiveCfg = Release|Any CPU
		{1CAAE92E-3745-4E56-9A72-BC64FB16E356}.Release|Any CPU.Build.0 = Release|Any CPU
		{D36BD429-03D4-435B-A679-D4837AFFBD49}.Debug|Any CPU.ActiveCfg = Debug|Any CPU
		{D36BD429-03D4-435B-A679-D4837AFFBD49}.Debug|Any CPU.Build.0 = Debug|Any CPU
		{D36BD429-03D4-435B-A679-D4837AFFBD49}.Release|Any CPU.ActiveCfg = Release|Any CPU
		{D36BD429-03D4-435B-A679-D4837AFFBD49}.Release|Any CPU.Build.0 = Release|Any CPU
		{DE8EC2F3-8EF5-40C8-B00E-0F0EB6677A92}.Debug|Any CPU.ActiveCfg = Debug|Any CPU
		{DE8EC2F3-8EF5-40C8-B00E-0F0EB6677A92}.Debug|Any CPU.Build.0 = Debug|Any CPU
		{DE8EC2F3-8EF5-40C8-B00E-0F0EB6677A92}.Release|Any CPU.ActiveCfg = Release|Any CPU
		{DE8EC2F3-8EF5-40C8-B00E-0F0EB6677A92}.Release|Any CPU.Build.0 = Release|Any CPU
		{631F5D03-D22B-4BF1-9821-F5692278647C}.Debug|Any CPU.ActiveCfg = Debug|Any CPU
		{631F5D03-D22B-4BF1-9821-F5692278647C}.Debug|Any CPU.Build.0 = Debug|Any CPU
		{631F5D03-D22B-4BF1-9821-F5692278647C}.Release|Any CPU.ActiveCfg = Release|Any CPU
		{631F5D03-D22B-4BF1-9821-F5692278647C}.Release|Any CPU.Build.0 = Release|Any CPU
	EndGlobalSection
	GlobalSection(SolutionProperties) = preSolution
		HideSolutionNode = FALSE
	EndGlobalSection
	GlobalSection(ExtensibilityGlobals) = postSolution
		SolutionGuid = {6E9901DC-9539-48D7-AD4F-A82636043018}
	EndGlobalSection
EndGlobal
